
Microsoft Visual Studio Solution File, Format Version 12.00
# Visual Studio Version 16
VisualStudioVersion = 16.0.30014.187
MinimumVisualStudioVersion = 10.0.40219.1
Project("{FAE04EC0-301F-11D3-BF4B-00C04F79EFBC}") = "WazeCredit", "WazeCredit\WazeCredit.csproj", "{B401FBF9-43B7-4924-BF39-0B483E7A5A3B}"
EndProject
Global
	GlobalSection(SolutionConfigurationPlatforms) = preSolution
		Debug|Any CPU = Debug|Any CPU
		Release|Any CPU = Release|Any CPU
	EndGlobalSection
	GlobalSection(ProjectConfigurationPlatforms) = postSolution
		{B401FBF9-43B7-4924-BF39-0B483E7A5A3B}.Debug|Any CPU.ActiveCfg = Debug|Any CPU
		{B401FBF9-43B7-4924-BF39-0B483E7A5A3B}.Debug|Any CPU.Build.0 = Debug|Any CPU
		{B401FBF9-43B7-4924-BF39-0B483E7A5A3B}.Release|Any CPU.ActiveCfg = Release|Any CPU
		{B401FBF9-43B7-4924-BF39-0B483E7A5A3B}.Release|Any CPU.Build.0 = Release|Any CPU
	EndGlobalSection
	GlobalSection(SolutionProperties) = preSolution
		HideSolutionNode = FALSE
	EndGlobalSection
	GlobalSection(ExtensibilityGlobals) = postSolution
		SolutionGuid = {4AA29E9F-9850-4BF4-A742-CB9192429064}
	EndGlobalSection
EndGlobal
